
Microsoft Visual Studio Solution File, Format Version 12.00
# Visual Studio Version 16
VisualStudioVersion = 16.0.29025.244
MinimumVisualStudioVersion = 10.0.40219.1
Project("{9A19103F-16F7-4668-BE54-9A1E7A4F7556}") = "Entidades", "Entidades.csproj", "{82EC3276-1CC8-4522-AE23-BC051903ED9E}"
EndProject
Project("{FAE04EC0-301F-11D3-BF4B-00C04F79EFBC}") = "MiCalculadora", "..\MiCalculadora\MiCalculadora.csproj", "{478AD1D6-B735-457B-8834-8541E80E86C9}"
EndProject
Global
	GlobalSection(SolutionConfigurationPlatforms) = preSolution
		Debug|Any CPU = Debug|Any CPU
		Release|Any CPU = Release|Any CPU
	EndGlobalSection
	GlobalSection(ProjectConfigurationPlatforms) = postSolution
		{82EC3276-1CC8-4522-AE23-BC051903ED9E}.Debug|Any CPU.ActiveCfg = Debug|Any CPU
		{82EC3276-1CC8-4522-AE23-BC051903ED9E}.Debug|Any CPU.Build.0 = Debug|Any CPU
		{82EC3276-1CC8-4522-AE23-BC051903ED9E}.Release|Any CPU.ActiveCfg = Release|Any CPU
		{82EC3276-1CC8-4522-AE23-BC051903ED9E}.Release|Any CPU.Build.0 = Release|Any CPU
		{478AD1D6-B735-457B-8834-8541E80E86C9}.Debug|Any CPU.ActiveCfg = Debug|Any CPU
		{478AD1D6-B735-457B-8834-8541E80E86C9}.Debug|Any CPU.Build.0 = Debug|Any CPU
		{478AD1D6-B735-457B-8834-8541E80E86C9}.Release|Any CPU.ActiveCfg = Release|Any CPU
		{478AD1D6-B735-457B-8834-8541E80E86C9}.Release|Any CPU.Build.0 = Release|Any CPU
	EndGlobalSection
	GlobalSection(SolutionProperties) = preSolution
		HideSolutionNode = FALSE
	EndGlobalSection
	GlobalSection(ExtensibilityGlobals) = postSolution
		SolutionGuid = {737CE35A-892B-457E-A93B-53EB97905542}
	EndGlobalSection
EndGlobal
