
Microsoft Visual Studio Solution File, Format Version 12.00
# Visual Studio Version 16
VisualStudioVersion = 16.0.29411.108
MinimumVisualStudioVersion = 10.0.40219.1
Project("{FAE04EC0-301F-11D3-BF4B-00C04F79EFBC}") = "EntidadesAbstractas", "EntidadesAbstractas.csproj", "{237EEEC3-43C0-4B63-8C2A-4BD17A51511B}"
EndProject
Project("{FAE04EC0-301F-11D3-BF4B-00C04F79EFBC}") = "Excepciones", "..\MisExcepciones\Excepciones.csproj", "{C26944DC-7A4F-47F6-B1BD-B92BF9BD38B4}"
EndProject
Project("{FAE04EC0-301F-11D3-BF4B-00C04F79EFBC}") = "Archivos", "..\Archivos\Archivos.csproj", "{1893E2DD-E3AB-4CED-A0E1-7CE579B94ACD}"
EndProject
Project("{FAE04EC0-301F-11D3-BF4B-00C04F79EFBC}") = "ClasesInstanciables", "..\ClasesInstanciables\ClasesInstanciables.csproj", "{87A56A10-13C5-4F37-AD96-9A73F551A617}"
EndProject
Project("{FAE04EC0-301F-11D3-BF4B-00C04F79EFBC}") = "TrabajoPractico3", "..\TrabajoPractico3\TrabajoPractico3.csproj", "{0678F70A-96B6-4A66-8131-1C349E78C309}"
EndProject
Global
	GlobalSection(SolutionConfigurationPlatforms) = preSolution
		Debug|Any CPU = Debug|Any CPU
		Release|Any CPU = Release|Any CPU
	EndGlobalSection
	GlobalSection(ProjectConfigurationPlatforms) = postSolution
		{237EEEC3-43C0-4B63-8C2A-4BD17A51511B}.Debug|Any CPU.ActiveCfg = Debug|Any CPU
		{237EEEC3-43C0-4B63-8C2A-4BD17A51511B}.Debug|Any CPU.Build.0 = Debug|Any CPU
		{237EEEC3-43C0-4B63-8C2A-4BD17A51511B}.Release|Any CPU.ActiveCfg = Release|Any CPU
		{237EEEC3-43C0-4B63-8C2A-4BD17A51511B}.Release|Any CPU.Build.0 = Release|Any CPU
		{C26944DC-7A4F-47F6-B1BD-B92BF9BD38B4}.Debug|Any CPU.ActiveCfg = Debug|Any CPU
		{C26944DC-7A4F-47F6-B1BD-B92BF9BD38B4}.Debug|Any CPU.Build.0 = Debug|Any CPU
		{C26944DC-7A4F-47F6-B1BD-B92BF9BD38B4}.Release|Any CPU.ActiveCfg = Release|Any CPU
		{C26944DC-7A4F-47F6-B1BD-B92BF9BD38B4}.Release|Any CPU.Build.0 = Release|Any CPU
		{1893E2DD-E3AB-4CED-A0E1-7CE579B94ACD}.Debug|Any CPU.ActiveCfg = Debug|Any CPU
		{1893E2DD-E3AB-4CED-A0E1-7CE579B94ACD}.Debug|Any CPU.Build.0 = Debug|Any CPU
		{1893E2DD-E3AB-4CED-A0E1-7CE579B94ACD}.Release|Any CPU.ActiveCfg = Release|Any CPU
		{1893E2DD-E3AB-4CED-A0E1-7CE579B94ACD}.Release|Any CPU.Build.0 = Release|Any CPU
		{87A56A10-13C5-4F37-AD96-9A73F551A617}.Debug|Any CPU.ActiveCfg = Debug|Any CPU
		{87A56A10-13C5-4F37-AD96-9A73F551A617}.Debug|Any CPU.Build.0 = Debug|Any CPU
		{87A56A10-13C5-4F37-AD96-9A73F551A617}.Release|Any CPU.ActiveCfg = Release|Any CPU
		{87A56A10-13C5-4F37-AD96-9A73F551A617}.Release|Any CPU.Build.0 = Release|Any CPU
		{0678F70A-96B6-4A66-8131-1C349E78C309}.Debug|Any CPU.ActiveCfg = Debug|Any CPU
		{0678F70A-96B6-4A66-8131-1C349E78C309}.Debug|Any CPU.Build.0 = Debug|Any CPU
		{0678F70A-96B6-4A66-8131-1C349E78C309}.Release|Any CPU.ActiveCfg = Release|Any CPU
		{0678F70A-96B6-4A66-8131-1C349E78C309}.Release|Any CPU.Build.0 = Release|Any CPU
	EndGlobalSection
	GlobalSection(SolutionProperties) = preSolution
		HideSolutionNode = FALSE
	EndGlobalSection
	GlobalSection(ExtensibilityGlobals) = postSolution
		SolutionGuid = {C94057CB-CAFE-4BC8-BEDA-B96B09D9D537}
	EndGlobalSection
EndGlobal
